<?xml version="1.0" encoding="utf-8"?>
<Project ToolsVersion="4.0" xmlns="http://schemas.microsoft.com/developer/msbuild/2003">
  <ItemGroup>
    <Filter Include="소스 파일">
      <UniqueIdentifier>{4FC737F1-C7A5-4376-A066-2A32D752A2FF}</UniqueIdentifier>
      <Extensions>cpp;c;cc;cxx;c++;cppm;ixx;def;odl;idl;hpj;bat;asm;asmx</Extensions>
    </Filter>
    <Filter Include="헤더 파일">
      <UniqueIdentifier>{93995380-89BD-4b04-88EB-625FBE52EBFB}</UniqueIdentifier>
      <Extensions>h;hh;hpp;hxx;h++;hm;inl;inc;ipp;xsd</Extensions>
    </Filter>
    <Filter Include="리소스 파일">
      <UniqueIdentifier>{67DA6AB6-F800-4c08-8B7A-83BB121AAD01}</UniqueIdentifier>
      <Extensions>rc;ico;cur;bmp;dlg;rc2;rct;bin;rgs;gif;jpg;jpeg;jpe;resx;tiff;tif;png;wav;mfcribbon-ms</Extensions>
    </Filter>
  </ItemGroup>
  <ItemGroup>
    <ClCompile Include="hello.cpp">
      <Filter>소스 파일</Filter>
    </ClCompile>
    <ClCompile Include="1_namespace1.cpp">
      <Filter>소스 파일</Filter>
    </ClCompile>
    <ClCompile Include="1_namespace2.cpp">
      <Filter>소스 파일</Filter>
    </ClCompile>
    <ClCompile Include="1_namespace3.cpp">
      <Filter>소스 파일</Filter>
    </ClCompile>
    <ClCompile Include="1_namespace4.cpp">
      <Filter>소스 파일</Filter>
    </ClCompile>
    <ClCompile Include="2_표준입출력1.cpp">
      <Filter>소스 파일</Filter>
    </ClCompile>
    <ClCompile Include="2_표준입출력2.cpp">
      <Filter>소스 파일</Filter>
    </ClCompile>
    <ClCompile Include="3_변수1.cpp">
      <Filter>소스 파일</Filter>
    </ClCompile>
    <ClCompile Include="3_변수2.cpp">
      <Filter>소스 파일</Filter>
    </ClCompile>
    <ClCompile Include="3_변수3.cpp">
      <Filter>소스 파일</Filter>
    </ClCompile>
    <ClCompile Include="3_변수4.cpp">
      <Filter>소스 파일</Filter>
    </ClCompile>
    <ClCompile Include="3_변수5.cpp">
      <Filter>소스 파일</Filter>
    </ClCompile>
    <ClCompile Include="4_함수1.cpp">
      <Filter>소스 파일</Filter>
    </ClCompile>
    <ClCompile Include="4_함수2.cpp">
      <Filter>소스 파일</Filter>
    </ClCompile>
    <ClCompile Include="4_함수3.cpp">
      <Filter>소스 파일</Filter>
    </ClCompile>
    <ClCompile Include="main.c">
      <Filter>소스 파일</Filter>
    </ClCompile>
    <ClCompile Include="square.c">
      <Filter>소스 파일</Filter>
    </ClCompile>
    <ClCompile Include="4_함수4.cpp">
      <Filter>소스 파일</Filter>
    </ClCompile>
    <ClCompile Include="4_함수4-1.cpp">
      <Filter>소스 파일</Filter>
    </ClCompile>
    <ClCompile Include="4_함수5.cpp">
      <Filter>소스 파일</Filter>
    </ClCompile>
    <ClCompile Include="4_함수6.cpp">
      <Filter>소스 파일</Filter>
    </ClCompile>
    <ClCompile Include="4_함수6-1.cpp">
      <Filter>소스 파일</Filter>
    </ClCompile>
    <ClCompile Include="4_함수6-2.cpp">
      <Filter>소스 파일</Filter>
    </ClCompile>
    <ClCompile Include="5_제어문1.cpp">
      <Filter>소스 파일</Filter>
    </ClCompile>
    <ClCompile Include="5_제어문1-1.cpp">
      <Filter>소스 파일</Filter>
    </ClCompile>
    <ClCompile Include="5_제어문2.cpp">
      <Filter>소스 파일</Filter>
    </ClCompile>
    <ClCompile Include="6_레퍼런스1.cpp">
      <Filter>소스 파일</Filter>
    </ClCompile>
    <ClCompile Include="6_레퍼런스2.cpp">
      <Filter>소스 파일</Filter>
    </ClCompile>
    <ClCompile Include="6_레퍼런스3.cpp">
      <Filter>소스 파일</Filter>
    </ClCompile>
    <ClCompile Include="6_레퍼런스3-1.cpp">
      <Filter>소스 파일</Filter>
    </ClCompile>
  </ItemGroup>
  <ItemGroup>
    <ClInclude Include="square.h">
      <Filter>헤더 파일</Filter>
    </ClInclude>
  </ItemGroup>
</Project>